
Microsoft Visual Studio Solution File, Format Version 12.00
# Visual Studio Version 16
VisualStudioVersion = 16.0.31112.23
MinimumVisualStudioVersion = 10.0.40219.1
Project("{9A19103F-16F7-4668-BE54-9A1E7A4F7556}") = "Hr.Solution.Application", "Hr.Solution.Application.csproj", "{F3763755-016A-4033-B5D3-FC5B25015DAF}"
EndProject
Project("{9A19103F-16F7-4668-BE54-9A1E7A4F7556}") = "Hr.Solution.Core", "..\Hr.Solution.Core\Hr.Solution.Core.csproj", "{72F45653-EC9D-428E-A7D8-015746CA9344}"
EndProject
Project("{9A19103F-16F7-4668-BE54-9A1E7A4F7556}") = "Hr.Solution.Data", "..\Hr.Solution.Domain\Hr.Solution.Data.csproj", "{82BB72D1-19DC-42F0-AE7C-EA3FC729CF2A}"
EndProject
Project("{FAE04EC0-301F-11D3-BF4B-00C04F79EFBC}") = "Hr.Solution.Utilities", "..\Hr.Solution.Utilities\Hr.Solution.Utilities.csproj", "{80F8DA18-9810-4C71-8A90-542B80AF97DE}"
EndProject
Global
	GlobalSection(SolutionConfigurationPlatforms) = preSolution
		Debug|Any CPU = Debug|Any CPU
		Release|Any CPU = Release|Any CPU
	EndGlobalSection
	GlobalSection(ProjectConfigurationPlatforms) = postSolution
		{F3763755-016A-4033-B5D3-FC5B25015DAF}.Debug|Any CPU.ActiveCfg = Debug|Any CPU
		{F3763755-016A-4033-B5D3-FC5B25015DAF}.Debug|Any CPU.Build.0 = Debug|Any CPU
		{F3763755-016A-4033-B5D3-FC5B25015DAF}.Release|Any CPU.ActiveCfg = Release|Any CPU
		{F3763755-016A-4033-B5D3-FC5B25015DAF}.Release|Any CPU.Build.0 = Release|Any CPU
		{72F45653-EC9D-428E-A7D8-015746CA9344}.Debug|Any CPU.ActiveCfg = Debug|Any CPU
		{72F45653-EC9D-428E-A7D8-015746CA9344}.Debug|Any CPU.Build.0 = Debug|Any CPU
		{72F45653-EC9D-428E-A7D8-015746CA9344}.Release|Any CPU.ActiveCfg = Release|Any CPU
		{72F45653-EC9D-428E-A7D8-015746CA9344}.Release|Any CPU.Build.0 = Release|Any CPU
		{82BB72D1-19DC-42F0-AE7C-EA3FC729CF2A}.Debug|Any CPU.ActiveCfg = Debug|Any CPU
		{82BB72D1-19DC-42F0-AE7C-EA3FC729CF2A}.Debug|Any CPU.Build.0 = Debug|Any CPU
		{82BB72D1-19DC-42F0-AE7C-EA3FC729CF2A}.Release|Any CPU.ActiveCfg = Release|Any CPU
		{82BB72D1-19DC-42F0-AE7C-EA3FC729CF2A}.Release|Any CPU.Build.0 = Release|Any CPU
		{80F8DA18-9810-4C71-8A90-542B80AF97DE}.Debug|Any CPU.ActiveCfg = Debug|Any CPU
		{80F8DA18-9810-4C71-8A90-542B80AF97DE}.Debug|Any CPU.Build.0 = Debug|Any CPU
		{80F8DA18-9810-4C71-8A90-542B80AF97DE}.Release|Any CPU.ActiveCfg = Release|Any CPU
		{80F8DA18-9810-4C71-8A90-542B80AF97DE}.Release|Any CPU.Build.0 = Release|Any CPU
	EndGlobalSection
	GlobalSection(SolutionProperties) = preSolution
		HideSolutionNode = FALSE
	EndGlobalSection
	GlobalSection(ExtensibilityGlobals) = postSolution
		SolutionGuid = {8A3D073D-A9C2-4714-B3B5-5B53ACD63CD2}
	EndGlobalSection
EndGlobal
